
Microsoft Visual Studio Solution File, Format Version 12.00
# Visual Studio 2013
VisualStudioVersion = 12.0.21005.1
MinimumVisualStudioVersion = 10.0.40219.1
Project("{F2A71F9B-5D33-465A-A702-920D77279786}") = "Impl", "Impl\Impl.fsproj", "{B3978D60-07A1-4A54-A05A-BCB322607460}"
EndProject
Project("{F2A71F9B-5D33-465A-A702-920D77279786}") = "Console", "Console\Console.fsproj", "{EBF57591-DCA0-4BD4-A34E-BC3A5AC56B72}"
EndProject
Project("{FAE04EC0-301F-11D3-BF4B-00C04F79EFBC}") = "Phone", "Phone\Phone.csproj", "{574B091E-7DE1-493B-904C-A801117B9450}"
EndProject
Project("{FAE04EC0-301F-11D3-BF4B-00C04F79EFBC}") = "Wpf", "Wpf\Wpf.csproj", "{608C8FD7-2352-48BE-8E4B-88C6922788ED}"
EndProject
Global
	GlobalSection(SolutionConfigurationPlatforms) = preSolution
		Debug|Any CPU = Debug|Any CPU
		Debug|ARM = Debug|ARM
		Debug|x86 = Debug|x86
		Release|Any CPU = Release|Any CPU
		Release|ARM = Release|ARM
		Release|x86 = Release|x86
	EndGlobalSection
	GlobalSection(ProjectConfigurationPlatforms) = postSolution
		{B3978D60-07A1-4A54-A05A-BCB322607460}.Debug|Any CPU.ActiveCfg = Debug|Any CPU
		{B3978D60-07A1-4A54-A05A-BCB322607460}.Debug|Any CPU.Build.0 = Debug|Any CPU
		{B3978D60-07A1-4A54-A05A-BCB322607460}.Debug|ARM.ActiveCfg = Debug|Any CPU
		{B3978D60-07A1-4A54-A05A-BCB322607460}.Debug|x86.ActiveCfg = Debug|Any CPU
		{B3978D60-07A1-4A54-A05A-BCB322607460}.Release|Any CPU.ActiveCfg = Release|Any CPU
		{B3978D60-07A1-4A54-A05A-BCB322607460}.Release|Any CPU.Build.0 = Release|Any CPU
		{B3978D60-07A1-4A54-A05A-BCB322607460}.Release|ARM.ActiveCfg = Release|Any CPU
		{B3978D60-07A1-4A54-A05A-BCB322607460}.Release|x86.ActiveCfg = Release|Any CPU
		{EBF57591-DCA0-4BD4-A34E-BC3A5AC56B72}.Debug|Any CPU.ActiveCfg = Debug|Any CPU
		{EBF57591-DCA0-4BD4-A34E-BC3A5AC56B72}.Debug|Any CPU.Build.0 = Debug|Any CPU
		{EBF57591-DCA0-4BD4-A34E-BC3A5AC56B72}.Debug|ARM.ActiveCfg = Debug|Any CPU
		{EBF57591-DCA0-4BD4-A34E-BC3A5AC56B72}.Debug|x86.ActiveCfg = Debug|Any CPU
		{EBF57591-DCA0-4BD4-A34E-BC3A5AC56B72}.Release|Any CPU.ActiveCfg = Release|Any CPU
		{EBF57591-DCA0-4BD4-A34E-BC3A5AC56B72}.Release|Any CPU.Build.0 = Release|Any CPU
		{EBF57591-DCA0-4BD4-A34E-BC3A5AC56B72}.Release|ARM.ActiveCfg = Release|Any CPU
		{EBF57591-DCA0-4BD4-A34E-BC3A5AC56B72}.Release|x86.ActiveCfg = Release|Any CPU
		{574B091E-7DE1-493B-904C-A801117B9450}.Debug|Any CPU.ActiveCfg = Debug|Any CPU
		{574B091E-7DE1-493B-904C-A801117B9450}.Debug|Any CPU.Build.0 = Debug|Any CPU
		{574B091E-7DE1-493B-904C-A801117B9450}.Debug|Any CPU.Deploy.0 = Debug|Any CPU
		{574B091E-7DE1-493B-904C-A801117B9450}.Debug|ARM.ActiveCfg = Debug|ARM
		{574B091E-7DE1-493B-904C-A801117B9450}.Debug|ARM.Build.0 = Debug|ARM
		{574B091E-7DE1-493B-904C-A801117B9450}.Debug|ARM.Deploy.0 = Debug|ARM
		{574B091E-7DE1-493B-904C-A801117B9450}.Debug|x86.ActiveCfg = Debug|x86
		{574B091E-7DE1-493B-904C-A801117B9450}.Debug|x86.Build.0 = Debug|x86
		{574B091E-7DE1-493B-904C-A801117B9450}.Debug|x86.Deploy.0 = Debug|x86
		{574B091E-7DE1-493B-904C-A801117B9450}.Release|Any CPU.ActiveCfg = Release|Any CPU
		{574B091E-7DE1-493B-904C-A801117B9450}.Release|Any CPU.Build.0 = Release|Any CPU
		{574B091E-7DE1-493B-904C-A801117B9450}.Release|Any CPU.Deploy.0 = Release|Any CPU
		{574B091E-7DE1-493B-904C-A801117B9450}.Release|ARM.ActiveCfg = Release|ARM
		{574B091E-7DE1-493B-904C-A801117B9450}.Release|ARM.Build.0 = Release|ARM
		{574B091E-7DE1-493B-904C-A801117B9450}.Release|ARM.Deploy.0 = Release|ARM
		{574B091E-7DE1-493B-904C-A801117B9450}.Release|x86.ActiveCfg = Release|x86
		{574B091E-7DE1-493B-904C-A801117B9450}.Release|x86.Build.0 = Release|x86
		{574B091E-7DE1-493B-904C-A801117B9450}.Release|x86.Deploy.0 = Release|x86
		{608C8FD7-2352-48BE-8E4B-88C6922788ED}.Debug|Any CPU.ActiveCfg = Debug|Any CPU
		{608C8FD7-2352-48BE-8E4B-88C6922788ED}.Debug|Any CPU.Build.0 = Debug|Any CPU
		{608C8FD7-2352-48BE-8E4B-88C6922788ED}.Debug|ARM.ActiveCfg = Debug|Any CPU
		{608C8FD7-2352-48BE-8E4B-88C6922788ED}.Debug|x86.ActiveCfg = Debug|Any CPU
		{608C8FD7-2352-48BE-8E4B-88C6922788ED}.Release|Any CPU.ActiveCfg = Release|Any CPU
		{608C8FD7-2352-48BE-8E4B-88C6922788ED}.Release|Any CPU.Build.0 = Release|Any CPU
		{608C8FD7-2352-48BE-8E4B-88C6922788ED}.Release|ARM.ActiveCfg = Release|Any CPU
		{608C8FD7-2352-48BE-8E4B-88C6922788ED}.Release|x86.ActiveCfg = Release|Any CPU
	EndGlobalSection
	GlobalSection(SolutionProperties) = preSolution
		HideSolutionNode = FALSE
	EndGlobalSection
EndGlobal
